// !$*UTF8*$!
{
	archiveVersion = 1;
	classes = {
	};
	objectVersion = 56;
	objects = {

/* Begin PBXBuildFile section */
		3B1BDA4C2D4AA39B002BE019 /* Challenge4App.swift in Sources */ = {isa = PBXBuildFile; fileRef = 3B1BDA4B2D4AA39B002BE019 /* Challenge4App.swift */; };
		3B1BDA532D4AA39B002BE019 /* ContentView.swift in Sources */ = {isa = PBXBuildFile; fileRef = 3B1BDA522D4AA39B002BE019 /* ContentView.swift */; };
		3B1BDA552D4AA39C002BE019 /* Assets.xcassets in Resources */ = {isa = PBXBuildFile; fileRef = 3B1BDA542D4AA39C002BE019 /* Assets.xcassets */; };
		3B1BDA592D4AA39C002BE019 /* Preview Assets.xcassets in Resources */ = {isa = PBXBuildFile; fileRef = 3B1BDA582D4AA39C002BE019 /* Preview Assets.xcassets */; };
		3B1BDA632D4AA39C002BE019 /* Challenge4Tests.swift in Sources */ = {isa = PBXBuildFile; fileRef = 3B1BDA622D4AA39C002BE019 /* Challenge4Tests.swift */; };
		3B1BDA6D2D4AA39C002BE019 /* Challenge4UITests.swift in Sources */ = {isa = PBXBuildFile; fileRef = 3B1BDA6C2D4AA39C002BE019 /* Challenge4UITests.swift */; };
		3B1BDA6F2D4AA39C002BE019 /* Challenge4UITestsLaunchTests.swift in Sources */ = {isa = PBXBuildFile; fileRef = 3B1BDA6E2D4AA39C002BE019 /* Challenge4UITestsLaunchTests.swift */; };
		3B1BDA842D4ACCEB002BE019 /* Avaliacao.swift in Sources */ = {isa = PBXBuildFile; fileRef = 3B1BDA832D4ACCEB002BE019 /* Avaliacao.swift */; };
		3B1BDA882D4ACD31002BE019 /* BarraProgresso.swift in Sources */ = {isa = PBXBuildFile; fileRef = 3B1BDA872D4ACD31002BE019 /* BarraProgresso.swift */; };
		3B34D00C2D4D3E03004B2AC8 /* BarraPesquisa.swift in Sources */ = {isa = PBXBuildFile; fileRef = 3B34D00B2D4D3E03004B2AC8 /* BarraPesquisa.swift */; };
		3B34D0102D4D5384004B2AC8 /* MetaSheet.swift in Sources */ = {isa = PBXBuildFile; fileRef = 3B34D00F2D4D5384004B2AC8 /* MetaSheet.swift */; };
		3B34D0142D4D6535004B2AC8 /* BotaoCategoria.swift in Sources */ = {isa = PBXBuildFile; fileRef = 3B34D0132D4D6535004B2AC8 /* BotaoCategoria.swift */; };
		3B3915D72D4BEC3400A05FBB /* BarraNavegacao.swift in Sources */ = {isa = PBXBuildFile; fileRef = 3B3915D62D4BEC3400A05FBB /* BarraNavegacao.swift */; };
		3B3915D92D4BF00400A05FBB /* LivrosView.swift in Sources */ = {isa = PBXBuildFile; fileRef = 3B3915D82D4BF00400A05FBB /* LivrosView.swift */; };
		3B6A37342D5138C000FAE5B8 /* AdicionarLivroView.swift in Sources */ = {isa = PBXBuildFile; fileRef = 3B6A37332D5138C000FAE5B8 /* AdicionarLivroView.swift */; };
		3B6A37362D51398600FAE5B8 /* Categorias.swift in Sources */ = {isa = PBXBuildFile; fileRef = 3B6A37352D51398600FAE5B8 /* Categorias.swift */; };
		3B9E644A2D514599007A3437 /* FiltroCategorias.swift in Sources */ = {isa = PBXBuildFile; fileRef = 3B9E64492D514599007A3437 /* FiltroCategorias.swift */; };
		3BC4663F2D4C1D8100D69503 /* BotaoPrincipal.swift in Sources */ = {isa = PBXBuildFile; fileRef = 3BC4663E2D4C1D8100D69503 /* BotaoPrincipal.swift */; };
		E31530B22D514D3D006FD454 /* LivroAmostra.swift in Sources */ = {isa = PBXBuildFile; fileRef = E31530B12D514D3D006FD454 /* LivroAmostra.swift */; };
		E3433FA62D4AA5E500FDDA13 /* AdicionarCapa.swift in Sources */ = {isa = PBXBuildFile; fileRef = E3433FA52D4AA5E500FDDA13 /* AdicionarCapa.swift */; };
		E346DCAD2D5D1E4E00F73BFF /* SwiftData.swift in Sources */ = {isa = PBXBuildFile; fileRef = E346DCAC2D5D1E4E00F73BFF /* SwiftData.swift */; };
		E38DE1F12D4D632B002741F0 /* LivroViewModel.swift in Sources */ = {isa = PBXBuildFile; fileRef = E38DE1F02D4D632B002741F0 /* LivroViewModel.swift */; };
		E38DE1F32D4D6341002741F0 /* MetaViewModel.swift in Sources */ = {isa = PBXBuildFile; fileRef = E38DE1F22D4D6341002741F0 /* MetaViewModel.swift */; };
/* End PBXBuildFile section */

/* Begin PBXContainerItemProxy section */
		3B1BDA5F2D4AA39C002BE019 /* PBXContainerItemProxy */ = {
			isa = PBXContainerItemProxy;
			containerPortal = 3B1BDA402D4AA39B002BE019 /* Project object */;
			proxyType = 1;
			remoteGlobalIDString = 3B1BDA472D4AA39B002BE019;
			remoteInfo = Challenge4;
		};
		3B1BDA692D4AA39C002BE019 /* PBXContainerItemProxy */ = {
			isa = PBXContainerItemProxy;
			containerPortal = 3B1BDA402D4AA39B002BE019 /* Project object */;
			proxyType = 1;
			remoteGlobalIDString = 3B1BDA472D4AA39B002BE019;
			remoteInfo = Challenge4;
		};
/* End PBXContainerItemProxy section */

/* Begin PBXFileReference section */
		3B1BDA482D4AA39B002BE019 /* Challenge4.app */ = {isa = PBXFileReference; explicitFileType = wrapper.application; includeInIndex = 0; path = Challenge4.app; sourceTree = BUILT_PRODUCTS_DIR; };
		3B1BDA4B2D4AA39B002BE019 /* Challenge4App.swift */ = {isa = PBXFileReference; lastKnownFileType = sourcecode.swift; path = Challenge4App.swift; sourceTree = "<group>"; };
		3B1BDA522D4AA39B002BE019 /* ContentView.swift */ = {isa = PBXFileReference; lastKnownFileType = sourcecode.swift; path = ContentView.swift; sourceTree = "<group>"; };
		3B1BDA542D4AA39C002BE019 /* Assets.xcassets */ = {isa = PBXFileReference; lastKnownFileType = folder.assetcatalog; path = Assets.xcassets; sourceTree = "<group>"; };
		3B1BDA562D4AA39C002BE019 /* Challenge4.entitlements */ = {isa = PBXFileReference; lastKnownFileType = text.plist.entitlements; path = Challenge4.entitlements; sourceTree = "<group>"; };
		3B1BDA582D4AA39C002BE019 /* Preview Assets.xcassets */ = {isa = PBXFileReference; lastKnownFileType = folder.assetcatalog; path = "Preview Assets.xcassets"; sourceTree = "<group>"; };
		3B1BDA5E2D4AA39C002BE019 /* Challenge4Tests.xctest */ = {isa = PBXFileReference; explicitFileType = wrapper.cfbundle; includeInIndex = 0; path = Challenge4Tests.xctest; sourceTree = BUILT_PRODUCTS_DIR; };
		3B1BDA622D4AA39C002BE019 /* Challenge4Tests.swift */ = {isa = PBXFileReference; lastKnownFileType = sourcecode.swift; path = Challenge4Tests.swift; sourceTree = "<group>"; };
		3B1BDA682D4AA39C002BE019 /* Challenge4UITests.xctest */ = {isa = PBXFileReference; explicitFileType = wrapper.cfbundle; includeInIndex = 0; path = Challenge4UITests.xctest; sourceTree = BUILT_PRODUCTS_DIR; };
		3B1BDA6C2D4AA39C002BE019 /* Challenge4UITests.swift */ = {isa = PBXFileReference; lastKnownFileType = sourcecode.swift; path = Challenge4UITests.swift; sourceTree = "<group>"; };
		3B1BDA6E2D4AA39C002BE019 /* Challenge4UITestsLaunchTests.swift */ = {isa = PBXFileReference; lastKnownFileType = sourcecode.swift; path = Challenge4UITestsLaunchTests.swift; sourceTree = "<group>"; };
		3B1BDA832D4ACCEB002BE019 /* Avaliacao.swift */ = {isa = PBXFileReference; lastKnownFileType = sourcecode.swift; path = Avaliacao.swift; sourceTree = "<group>"; };
		3B1BDA872D4ACD31002BE019 /* BarraProgresso.swift */ = {isa = PBXFileReference; lastKnownFileType = sourcecode.swift; path = BarraProgresso.swift; sourceTree = "<group>"; };
		3B34D00B2D4D3E03004B2AC8 /* BarraPesquisa.swift */ = {isa = PBXFileReference; lastKnownFileType = sourcecode.swift; path = BarraPesquisa.swift; sourceTree = "<group>"; };
		3B34D00F2D4D5384004B2AC8 /* MetaSheet.swift */ = {isa = PBXFileReference; lastKnownFileType = sourcecode.swift; path = MetaSheet.swift; sourceTree = "<group>"; };
		3B34D0132D4D6535004B2AC8 /* BotaoCategoria.swift */ = {isa = PBXFileReference; lastKnownFileType = sourcecode.swift; path = BotaoCategoria.swift; sourceTree = "<group>"; };
		3B3915D62D4BEC3400A05FBB /* BarraNavegacao.swift */ = {isa = PBXFileReference; lastKnownFileType = sourcecode.swift; path = BarraNavegacao.swift; sourceTree = "<group>"; };
		3B3915D82D4BF00400A05FBB /* LivrosView.swift */ = {isa = PBXFileReference; lastKnownFileType = sourcecode.swift; name = LivrosView.swift; path = Challenge4/View/Componentes/LivrosView.swift; sourceTree = SOURCE_ROOT; };
		3B6A37332D5138C000FAE5B8 /* AdicionarLivroView.swift */ = {isa = PBXFileReference; lastKnownFileType = sourcecode.swift; path = AdicionarLivroView.swift; sourceTree = "<group>"; };
		3B6A37352D51398600FAE5B8 /* Categorias.swift */ = {isa = PBXFileReference; lastKnownFileType = sourcecode.swift; path = Categorias.swift; sourceTree = "<group>"; };
		3B9E64492D514599007A3437 /* FiltroCategorias.swift */ = {isa = PBXFileReference; lastKnownFileType = sourcecode.swift; path = FiltroCategorias.swift; sourceTree = "<group>"; };
		3BC4663E2D4C1D8100D69503 /* BotaoPrincipal.swift */ = {isa = PBXFileReference; lastKnownFileType = sourcecode.swift; path = BotaoPrincipal.swift; sourceTree = "<group>"; };
		E31530B12D514D3D006FD454 /* LivroAmostra.swift */ = {isa = PBXFileReference; lastKnownFileType = sourcecode.swift; path = LivroAmostra.swift; sourceTree = "<group>"; };
		E3433FA52D4AA5E500FDDA13 /* AdicionarCapa.swift */ = {isa = PBXFileReference; lastKnownFileType = sourcecode.swift; path = AdicionarCapa.swift; sourceTree = "<group>"; };
		E346DCAC2D5D1E4E00F73BFF /* SwiftData.swift */ = {isa = PBXFileReference; lastKnownFileType = sourcecode.swift; path = SwiftData.swift; sourceTree = "<group>"; };
		E38DE1F02D4D632B002741F0 /* LivroViewModel.swift */ = {isa = PBXFileReference; lastKnownFileType = sourcecode.swift; path = LivroViewModel.swift; sourceTree = "<group>"; };
		E38DE1F22D4D6341002741F0 /* MetaViewModel.swift */ = {isa = PBXFileReference; lastKnownFileType = sourcecode.swift; path = MetaViewModel.swift; sourceTree = "<group>"; };
/* End PBXFileReference section */

/* Begin PBXFrameworksBuildPhase section */
		3B1BDA452D4AA39B002BE019 /* Frameworks */ = {
			isa = PBXFrameworksBuildPhase;
			buildActionMask = 2147483647;
			files = (
			);
			runOnlyForDeploymentPostprocessing = 0;
		};
		3B1BDA5B2D4AA39C002BE019 /* Frameworks */ = {
			isa = PBXFrameworksBuildPhase;
			buildActionMask = 2147483647;
			files = (
			);
			runOnlyForDeploymentPostprocessing = 0;
		};
		3B1BDA652D4AA39C002BE019 /* Frameworks */ = {
			isa = PBXFrameworksBuildPhase;
			buildActionMask = 2147483647;
			files = (
			);
			runOnlyForDeploymentPostprocessing = 0;
		};
/* End PBXFrameworksBuildPhase section */

/* Begin PBXGroup section */
		3B1BDA3F2D4AA39B002BE019 = {
			isa = PBXGroup;
			children = (
				3B1BDA4A2D4AA39B002BE019 /* Challenge4 */,
				3B1BDA612D4AA39C002BE019 /* Challenge4Tests */,
				3B1BDA6B2D4AA39C002BE019 /* Challenge4UITests */,
				3B1BDA492D4AA39B002BE019 /* Products */,
			);
			sourceTree = "<group>";
		};
		3B1BDA492D4AA39B002BE019 /* Products */ = {
			isa = PBXGroup;
			children = (
				3B1BDA482D4AA39B002BE019 /* Challenge4.app */,
				3B1BDA5E2D4AA39C002BE019 /* Challenge4Tests.xctest */,
				3B1BDA682D4AA39C002BE019 /* Challenge4UITests.xctest */,
			);
			name = Products;
			sourceTree = "<group>";
		};
		3B1BDA4A2D4AA39B002BE019 /* Challenge4 */ = {
			isa = PBXGroup;
			children = (
				E3433FA12D4AA52A00FDDA13 /* View */,
				E3433FA02D4AA50200FDDA13 /* Model */,
				3B1BDA4B2D4AA39B002BE019 /* Challenge4App.swift */,
				3B1BDA542D4AA39C002BE019 /* Assets.xcassets */,
				3B1BDA562D4AA39C002BE019 /* Challenge4.entitlements */,
				3B1BDA572D4AA39C002BE019 /* Preview Content */,
			);
			path = Challenge4;
			sourceTree = "<group>";
		};
		3B1BDA572D4AA39C002BE019 /* Preview Content */ = {
			isa = PBXGroup;
			children = (
				3B1BDA582D4AA39C002BE019 /* Preview Assets.xcassets */,
			);
			path = "Preview Content";
			sourceTree = "<group>";
		};
		3B1BDA612D4AA39C002BE019 /* Challenge4Tests */ = {
			isa = PBXGroup;
			children = (
				3B1BDA622D4AA39C002BE019 /* Challenge4Tests.swift */,
			);
			path = Challenge4Tests;
			sourceTree = "<group>";
		};
		3B1BDA6B2D4AA39C002BE019 /* Challenge4UITests */ = {
			isa = PBXGroup;
			children = (
				3B1BDA6C2D4AA39C002BE019 /* Challenge4UITests.swift */,
				3B1BDA6E2D4AA39C002BE019 /* Challenge4UITestsLaunchTests.swift */,
			);
			path = Challenge4UITests;
			sourceTree = "<group>";
		};
		E3433FA02D4AA50200FDDA13 /* Model */ = {
			isa = PBXGroup;
			children = (
				E346DCAC2D5D1E4E00F73BFF /* SwiftData.swift */,
				3B6A37352D51398600FAE5B8 /* Categorias.swift */,
			);
			path = Model;
			sourceTree = "<group>";
		};
		E3433FA12D4AA52A00FDDA13 /* View */ = {
			isa = PBXGroup;
			children = (
				E3F6C6372D4ABE0F00D03354 /* Componentes */,
				E3F6C6362D4ABDD500D03354 /* Telas */,
			);
			path = View;
			sourceTree = "<group>";
		};
		E3F6C6362D4ABDD500D03354 /* Telas */ = {
			isa = PBXGroup;
			children = (
				3B3915D82D4BF00400A05FBB /* LivrosView.swift */,
				3B1BDA522D4AA39B002BE019 /* ContentView.swift */,
				E38DE1F02D4D632B002741F0 /* LivroViewModel.swift */,
				E38DE1F22D4D6341002741F0 /* MetaViewModel.swift */,
				3B6A37332D5138C000FAE5B8 /* AdicionarLivroView.swift */,
			);
			path = Telas;
			sourceTree = "<group>";
		};
		E3F6C6372D4ABE0F00D03354 /* Componentes */ = {
			isa = PBXGroup;
			children = (
				E3433FA52D4AA5E500FDDA13 /* AdicionarCapa.swift */,
				3B1BDA832D4ACCEB002BE019 /* Avaliacao.swift */,
				3B1BDA872D4ACD31002BE019 /* BarraProgresso.swift */,
				3B3915D62D4BEC3400A05FBB /* BarraNavegacao.swift */,
				3B34D00B2D4D3E03004B2AC8 /* BarraPesquisa.swift */,
				3BC4663E2D4C1D8100D69503 /* BotaoPrincipal.swift */,
				3B34D00F2D4D5384004B2AC8 /* MetaSheet.swift */,
				3B34D0132D4D6535004B2AC8 /* BotaoCategoria.swift */,
				E31530B12D514D3D006FD454 /* LivroAmostra.swift */,
				3B9E64492D514599007A3437 /* FiltroCategorias.swift */,
			);
			path = Componentes;
			sourceTree = "<group>";
		};
/* End PBXGroup section */

/* Begin PBXNativeTarget section */
		3B1BDA472D4AA39B002BE019 /* Challenge4 */ = {
			isa = PBXNativeTarget;
			buildConfigurationList = 3B1BDA722D4AA39C002BE019 /* Build configuration list for PBXNativeTarget "Challenge4" */;
			buildPhases = (
				3B1BDA442D4AA39B002BE019 /* Sources */,
				3B1BDA452D4AA39B002BE019 /* Frameworks */,
				3B1BDA462D4AA39B002BE019 /* Resources */,
			);
			buildRules = (
			);
			dependencies = (
			);
			name = Challenge4;
			productName = Challenge4;
			productReference = 3B1BDA482D4AA39B002BE019 /* Challenge4.app */;
			productType = "com.apple.product-type.application";
		};
		3B1BDA5D2D4AA39C002BE019 /* Challenge4Tests */ = {
			isa = PBXNativeTarget;
			buildConfigurationList = 3B1BDA752D4AA39C002BE019 /* Build configuration list for PBXNativeTarget "Challenge4Tests" */;
			buildPhases = (
				3B1BDA5A2D4AA39C002BE019 /* Sources */,
				3B1BDA5B2D4AA39C002BE019 /* Frameworks */,
				3B1BDA5C2D4AA39C002BE019 /* Resources */,
			);
			buildRules = (
			);
			dependencies = (
				3B1BDA602D4AA39C002BE019 /* PBXTargetDependency */,
			);
			name = Challenge4Tests;
			productName = Challenge4Tests;
			productReference = 3B1BDA5E2D4AA39C002BE019 /* Challenge4Tests.xctest */;
			productType = "com.apple.product-type.bundle.unit-test";
		};
		3B1BDA672D4AA39C002BE019 /* Challenge4UITests */ = {
			isa = PBXNativeTarget;
			buildConfigurationList = 3B1BDA782D4AA39C002BE019 /* Build configuration list for PBXNativeTarget "Challenge4UITests" */;
			buildPhases = (
				3B1BDA642D4AA39C002BE019 /* Sources */,
				3B1BDA652D4AA39C002BE019 /* Frameworks */,
				3B1BDA662D4AA39C002BE019 /* Resources */,
			);
			buildRules = (
			);
			dependencies = (
				3B1BDA6A2D4AA39C002BE019 /* PBXTargetDependency */,
			);
			name = Challenge4UITests;
			productName = Challenge4UITests;
			productReference = 3B1BDA682D4AA39C002BE019 /* Challenge4UITests.xctest */;
			productType = "com.apple.product-type.bundle.ui-testing";
		};
/* End PBXNativeTarget section */

/* Begin PBXProject section */
		3B1BDA402D4AA39B002BE019 /* Project object */ = {
			isa = PBXProject;
			attributes = {
				BuildIndependentTargetsInParallel = 1;
				LastSwiftUpdateCheck = 1520;
				LastUpgradeCheck = 1520;
				TargetAttributes = {
					3B1BDA472D4AA39B002BE019 = {
						CreatedOnToolsVersion = 15.2;
					};
					3B1BDA5D2D4AA39C002BE019 = {
						CreatedOnToolsVersion = 15.2;
						TestTargetID = 3B1BDA472D4AA39B002BE019;
					};
					3B1BDA672D4AA39C002BE019 = {
						CreatedOnToolsVersion = 15.2;
						TestTargetID = 3B1BDA472D4AA39B002BE019;
					};
				};
			};
			buildConfigurationList = 3B1BDA432D4AA39B002BE019 /* Build configuration list for PBXProject "Challenge4" */;
			compatibilityVersion = "Xcode 14.0";
			developmentRegion = "pt-BR";
			hasScannedForEncodings = 0;
			knownRegions = (
				Base,
				"pt-BR",
			);
			mainGroup = 3B1BDA3F2D4AA39B002BE019;
			productRefGroup = 3B1BDA492D4AA39B002BE019 /* Products */;
			projectDirPath = "";
			projectRoot = "";
			targets = (
				3B1BDA472D4AA39B002BE019 /* Challenge4 */,
				3B1BDA5D2D4AA39C002BE019 /* Challenge4Tests */,
				3B1BDA672D4AA39C002BE019 /* Challenge4UITests */,
			);
		};
/* End PBXProject section */

/* Begin PBXResourcesBuildPhase section */
		3B1BDA462D4AA39B002BE019 /* Resources */ = {
			isa = PBXResourcesBuildPhase;
			buildActionMask = 2147483647;
			files = (
				3B1BDA592D4AA39C002BE019 /* Preview Assets.xcassets in Resources */,
				3B1BDA552D4AA39C002BE019 /* Assets.xcassets in Resources */,
			);
			runOnlyForDeploymentPostprocessing = 0;
		};
		3B1BDA5C2D4AA39C002BE019 /* Resources */ = {
			isa = PBXResourcesBuildPhase;
			buildActionMask = 2147483647;
			files = (
			);
			runOnlyForDeploymentPostprocessing = 0;
		};
		3B1BDA662D4AA39C002BE019 /* Resources */ = {
			isa = PBXResourcesBuildPhase;
			buildActionMask = 2147483647;
			files = (
			);
			runOnlyForDeploymentPostprocessing = 0;
		};
/* End PBXResourcesBuildPhase section */

/* Begin PBXSourcesBuildPhase section */
		3B1BDA442D4AA39B002BE019 /* Sources */ = {
			isa = PBXSourcesBuildPhase;
			buildActionMask = 2147483647;
			files = (
				3B9E644A2D514599007A3437 /* FiltroCategorias.swift in Sources */,
				3B3915D72D4BEC3400A05FBB /* BarraNavegacao.swift in Sources */,
				3B34D00C2D4D3E03004B2AC8 /* BarraPesquisa.swift in Sources */,
				E31530B22D514D3D006FD454 /* LivroAmostra.swift in Sources */,
				3B34D0102D4D5384004B2AC8 /* MetaSheet.swift in Sources */,
				3B3915D92D4BF00400A05FBB /* LivrosView.swift in Sources */,
				3B1BDA4C2D4AA39B002BE019 /* Challenge4App.swift in Sources */,
				E346DCAD2D5D1E4E00F73BFF /* SwiftData.swift in Sources */,
				3B1BDA882D4ACD31002BE019 /* BarraProgresso.swift in Sources */,
				E3433FA62D4AA5E500FDDA13 /* AdicionarCapa.swift in Sources */,
				E38DE1F12D4D632B002741F0 /* LivroViewModel.swift in Sources */,
				3BC4663F2D4C1D8100D69503 /* BotaoPrincipal.swift in Sources */,
				3B1BDA532D4AA39B002BE019 /* ContentView.swift in Sources */,
				3B6A37362D51398600FAE5B8 /* Categorias.swift in Sources */,
				3B34D0142D4D6535004B2AC8 /* BotaoCategoria.swift in Sources */,
				3B1BDA842D4ACCEB002BE019 /* Avaliacao.swift in Sources */,
				E38DE1F32D4D6341002741F0 /* MetaViewModel.swift in Sources */,
				3B6A37342D5138C000FAE5B8 /* AdicionarLivroView.swift in Sources */,
			);
			runOnlyForDeploymentPostprocessing = 0;
		};
		3B1BDA5A2D4AA39C002BE019 /* Sources */ = {
			isa = PBXSourcesBuildPhase;
			buildActionMask = 2147483647;
			files = (
				3B1BDA632D4AA39C002BE019 /* Challenge4Tests.swift in Sources */,
			);
			runOnlyForDeploymentPostprocessing = 0;
		};
		3B1BDA642D4AA39C002BE019 /* Sources */ = {
			isa = PBXSourcesBuildPhase;
			buildActionMask = 2147483647;
			files = (
				3B1BDA6D2D4AA39C002BE019 /* Challenge4UITests.swift in Sources */,
				3B1BDA6F2D4AA39C002BE019 /* Challenge4UITestsLaunchTests.swift in Sources */,
			);
			runOnlyForDeploymentPostprocessing = 0;
		};
/* End PBXSourcesBuildPhase section */

/* Begin PBXTargetDependency section */
		3B1BDA602D4AA39C002BE019 /* PBXTargetDependency */ = {
			isa = PBXTargetDependency;
			target = 3B1BDA472D4AA39B002BE019 /* Challenge4 */;
			targetProxy = 3B1BDA5F2D4AA39C002BE019 /* PBXContainerItemProxy */;
		};
		3B1BDA6A2D4AA39C002BE019 /* PBXTargetDependency */ = {
			isa = PBXTargetDependency;
			target = 3B1BDA472D4AA39B002BE019 /* Challenge4 */;
			targetProxy = 3B1BDA692D4AA39C002BE019 /* PBXContainerItemProxy */;
		};
/* End PBXTargetDependency section */

/* Begin XCBuildConfiguration section */
		3B1BDA702D4AA39C002BE019 /* Debug */ = {
			isa = XCBuildConfiguration;
			buildSettings = {
				ALWAYS_SEARCH_USER_PATHS = NO;
				ASSETCATALOG_COMPILER_GENERATE_SWIFT_ASSET_SYMBOL_EXTENSIONS = YES;
				CLANG_ANALYZER_NONNULL = YES;
				CLANG_ANALYZER_NUMBER_OBJECT_CONVERSION = YES_AGGRESSIVE;
				CLANG_CXX_LANGUAGE_STANDARD = "gnu++20";
				CLANG_ENABLE_MODULES = YES;
				CLANG_ENABLE_OBJC_ARC = YES;
				CLANG_ENABLE_OBJC_WEAK = YES;
				CLANG_WARN_BLOCK_CAPTURE_AUTORELEASING = YES;
				CLANG_WARN_BOOL_CONVERSION = YES;
				CLANG_WARN_COMMA = YES;
				CLANG_WARN_CONSTANT_CONVERSION = YES;
				CLANG_WARN_DEPRECATED_OBJC_IMPLEMENTATIONS = YES;
				CLANG_WARN_DIRECT_OBJC_ISA_USAGE = YES_ERROR;
				CLANG_WARN_DOCUMENTATION_COMMENTS = YES;
				CLANG_WARN_EMPTY_BODY = YES;
				CLANG_WARN_ENUM_CONVERSION = YES;
				CLANG_WARN_INFINITE_RECURSION = YES;
				CLANG_WARN_INT_CONVERSION = YES;
				CLANG_WARN_NON_LITERAL_NULL_CONVERSION = YES;
				CLANG_WARN_OBJC_IMPLICIT_RETAIN_SELF = YES;
				CLANG_WARN_OBJC_LITERAL_CONVERSION = YES;
				CLANG_WARN_OBJC_ROOT_CLASS = YES_ERROR;
				CLANG_WARN_QUOTED_INCLUDE_IN_FRAMEWORK_HEADER = YES;
				CLANG_WARN_RANGE_LOOP_ANALYSIS = YES;
				CLANG_WARN_STRICT_PROTOTYPES = YES;
				CLANG_WARN_SUSPICIOUS_MOVE = YES;
				CLANG_WARN_UNGUARDED_AVAILABILITY = YES_AGGRESSIVE;
				CLANG_WARN_UNREACHABLE_CODE = YES;
				CLANG_WARN__DUPLICATE_METHOD_MATCH = YES;
				COPY_PHASE_STRIP = NO;
				DEBUG_INFORMATION_FORMAT = dwarf;
				ENABLE_STRICT_OBJC_MSGSEND = YES;
				ENABLE_TESTABILITY = YES;
				ENABLE_USER_SCRIPT_SANDBOXING = YES;
				GCC_C_LANGUAGE_STANDARD = gnu17;
				GCC_DYNAMIC_NO_PIC = NO;
				GCC_NO_COMMON_BLOCKS = YES;
				GCC_OPTIMIZATION_LEVEL = 0;
				GCC_PREPROCESSOR_DEFINITIONS = (
					"DEBUG=1",
					"$(inherited)",
				);
				GCC_WARN_64_TO_32_BIT_CONVERSION = YES;
				GCC_WARN_ABOUT_RETURN_TYPE = YES_ERROR;
				GCC_WARN_UNDECLARED_SELECTOR = YES;
				GCC_WARN_UNINITIALIZED_AUTOS = YES_AGGRESSIVE;
				GCC_WARN_UNUSED_FUNCTION = YES;
				GCC_WARN_UNUSED_VARIABLE = YES;
				LOCALIZATION_PREFERS_STRING_CATALOGS = YES;
				MTL_ENABLE_DEBUG_INFO = INCLUDE_SOURCE;
				MTL_FAST_MATH = YES;
				ONLY_ACTIVE_ARCH = YES;
				SWIFT_ACTIVE_COMPILATION_CONDITIONS = "DEBUG $(inherited)";
				SWIFT_OPTIMIZATION_LEVEL = "-Onone";
			};
			name = Debug;
		};
		3B1BDA712D4AA39C002BE019 /* Release */ = {
			isa = XCBuildConfiguration;
			buildSettings = {
				ALWAYS_SEARCH_USER_PATHS = NO;
				ASSETCATALOG_COMPILER_GENERATE_SWIFT_ASSET_SYMBOL_EXTENSIONS = YES;
				CLANG_ANALYZER_NONNULL = YES;
				CLANG_ANALYZER_NUMBER_OBJECT_CONVERSION = YES_AGGRESSIVE;
				CLANG_CXX_LANGUAGE_STANDARD = "gnu++20";
				CLANG_ENABLE_MODULES = YES;
				CLANG_ENABLE_OBJC_ARC = YES;
				CLANG_ENABLE_OBJC_WEAK = YES;
				CLANG_WARN_BLOCK_CAPTURE_AUTORELEASING = YES;
				CLANG_WARN_BOOL_CONVERSION = YES;
				CLANG_WARN_COMMA = YES;
				CLANG_WARN_CONSTANT_CONVERSION = YES;
				CLANG_WARN_DEPRECATED_OBJC_IMPLEMENTATIONS = YES;
				CLANG_WARN_DIRECT_OBJC_ISA_USAGE = YES_ERROR;
				CLANG_WARN_DOCUMENTATION_COMMENTS = YES;
				CLANG_WARN_EMPTY_BODY = YES;
				CLANG_WARN_ENUM_CONVERSION = YES;
				CLANG_WARN_INFINITE_RECURSION = YES;
				CLANG_WARN_INT_CONVERSION = YES;
				CLANG_WARN_NON_LITERAL_NULL_CONVERSION = YES;
				CLANG_WARN_OBJC_IMPLICIT_RETAIN_SELF = YES;
				CLANG_WARN_OBJC_LITERAL_CONVERSION = YES;
				CLANG_WARN_OBJC_ROOT_CLASS = YES_ERROR;
				CLANG_WARN_QUOTED_INCLUDE_IN_FRAMEWORK_HEADER = YES;
				CLANG_WARN_RANGE_LOOP_ANALYSIS = YES;
				CLANG_WARN_STRICT_PROTOTYPES = YES;
				CLANG_WARN_SUSPICIOUS_MOVE = YES;
				CLANG_WARN_UNGUARDED_AVAILABILITY = YES_AGGRESSIVE;
				CLANG_WARN_UNREACHABLE_CODE = YES;
				CLANG_WARN__DUPLICATE_METHOD_MATCH = YES;
				COPY_PHASE_STRIP = NO;
				DEBUG_INFORMATION_FORMAT = "dwarf-with-dsym";
				ENABLE_NS_ASSERTIONS = NO;
				ENABLE_STRICT_OBJC_MSGSEND = YES;
				ENABLE_USER_SCRIPT_SANDBOXING = YES;
				GCC_C_LANGUAGE_STANDARD = gnu17;
				GCC_NO_COMMON_BLOCKS = YES;
				GCC_WARN_64_TO_32_BIT_CONVERSION = YES;
				GCC_WARN_ABOUT_RETURN_TYPE = YES_ERROR;
				GCC_WARN_UNDECLARED_SELECTOR = YES;
				GCC_WARN_UNINITIALIZED_AUTOS = YES_AGGRESSIVE;
				GCC_WARN_UNUSED_FUNCTION = YES;
				GCC_WARN_UNUSED_VARIABLE = YES;
				LOCALIZATION_PREFERS_STRING_CATALOGS = YES;
				MTL_ENABLE_DEBUG_INFO = NO;
				MTL_FAST_MATH = YES;
				SWIFT_COMPILATION_MODE = wholemodule;
			};
			name = Release;
		};
		3B1BDA732D4AA39C002BE019 /* Debug */ = {
			isa = XCBuildConfiguration;
			buildSettings = {
				ASSETCATALOG_COMPILER_APPICON_NAME = AppIcon;
				ASSETCATALOG_COMPILER_GLOBAL_ACCENT_COLOR_NAME = AccentColor;
				CODE_SIGN_ENTITLEMENTS = Challenge4/Challenge4.entitlements;
				"CODE_SIGN_IDENTITY[sdk=macosx*]" = "Apple Development";
				CODE_SIGN_STYLE = Automatic;
				CURRENT_PROJECT_VERSION = 1;
				DEVELOPMENT_ASSET_PATHS = "\"Challenge4/Preview Content\"";
				DEVELOPMENT_TEAM = 8HHDC9XWBT;
				ENABLE_HARDENED_RUNTIME = YES;
				ENABLE_PREVIEWS = YES;
				GENERATE_INFOPLIST_FILE = YES;
				INFOPLIST_KEY_CFBundleDisplayName = Booki;
				INFOPLIST_KEY_LSApplicationCategoryType = "public.app-category.books";
				INFOPLIST_KEY_NSPhotoLibraryAddUsageDescription = "Booki deseja acessar sua galeria";
				INFOPLIST_KEY_NSPhotoLibraryUsageDescription = "Booki deseja acessar sua galeria";
				"INFOPLIST_KEY_UIApplicationSceneManifest_Generation[sdk=iphoneos*]" = YES;
				"INFOPLIST_KEY_UIApplicationSceneManifest_Generation[sdk=iphonesimulator*]" = YES;
				"INFOPLIST_KEY_UIApplicationSupportsIndirectInputEvents[sdk=iphoneos*]" = YES;
				"INFOPLIST_KEY_UIApplicationSupportsIndirectInputEvents[sdk=iphonesimulator*]" = YES;
				"INFOPLIST_KEY_UILaunchScreen_Generation[sdk=iphoneos*]" = YES;
				"INFOPLIST_KEY_UILaunchScreen_Generation[sdk=iphonesimulator*]" = YES;
				"INFOPLIST_KEY_UIStatusBarStyle[sdk=iphoneos*]" = UIStatusBarStyleDefault;
				"INFOPLIST_KEY_UIStatusBarStyle[sdk=iphonesimulator*]" = UIStatusBarStyleDefault;
				INFOPLIST_KEY_UISupportedInterfaceOrientations_iPad = "UIInterfaceOrientationPortrait UIInterfaceOrientationPortraitUpsideDown UIInterfaceOrientationLandscapeLeft UIInterfaceOrientationLandscapeRight";
				INFOPLIST_KEY_UISupportedInterfaceOrientations_iPhone = "UIInterfaceOrientationPortrait UIInterfaceOrientationLandscapeLeft UIInterfaceOrientationLandscapeRight";
				IPHONEOS_DEPLOYMENT_TARGET = 17.2;
				LD_RUNPATH_SEARCH_PATHS = "@executable_path/Frameworks";
				"LD_RUNPATH_SEARCH_PATHS[sdk=macosx*]" = "@executable_path/../Frameworks";
				MACOSX_DEPLOYMENT_TARGET = 14.2;
				MARKETING_VERSION = 1.1;
				PRODUCT_BUNDLE_IDENTIFIER = team.Challenge4;
				"PRODUCT_BUNDLE_IDENTIFIER[sdk=iphoneos*]" = com.booki.academy;
				PRODUCT_NAME = "$(TARGET_NAME)";
				SDKROOT = auto;
				SUPPORTED_PLATFORMS = "iphoneos iphonesimulator";
				SUPPORTS_MACCATALYST = NO;
				SWIFT_EMIT_LOC_STRINGS = YES;
				SWIFT_VERSION = 5.0;
				TARGETED_DEVICE_FAMILY = 1;
			};
			name = Debug;
		};
		3B1BDA742D4AA39C002BE019 /* Release */ = {
			isa = XCBuildConfiguration;
			buildSettings = {
				ASSETCATALOG_COMPILER_APPICON_NAME = AppIcon;
				ASSETCATALOG_COMPILER_GLOBAL_ACCENT_COLOR_NAME = AccentColor;
				CODE_SIGN_ENTITLEMENTS = Challenge4/Challenge4.entitlements;
				"CODE_SIGN_IDENTITY[sdk=macosx*]" = "Apple Development";
				CODE_SIGN_STYLE = Automatic;
				CURRENT_PROJECT_VERSION = 1;
				DEVELOPMENT_ASSET_PATHS = "\"Challenge4/Preview Content\"";
				DEVELOPMENT_TEAM = 8HHDC9XWBT;
				ENABLE_HARDENED_RUNTIME = YES;
				ENABLE_PREVIEWS = YES;
				GENERATE_INFOPLIST_FILE = YES;
				INFOPLIST_KEY_CFBundleDisplayName = Booki;
				INFOPLIST_KEY_LSApplicationCategoryType = "public.app-category.books";
				INFOPLIST_KEY_NSPhotoLibraryAddUsageDescription = "Booki deseja acessar sua galeria";
				INFOPLIST_KEY_NSPhotoLibraryUsageDescription = "Booki deseja acessar sua galeria";
				"INFOPLIST_KEY_UIApplicationSceneManifest_Generation[sdk=iphoneos*]" = YES;
				"INFOPLIST_KEY_UIApplicationSceneManifest_Generation[sdk=iphonesimulator*]" = YES;
				"INFOPLIST_KEY_UIApplicationSupportsIndirectInputEvents[sdk=iphoneos*]" = YES;
				"INFOPLIST_KEY_UIApplicationSupportsIndirectInputEvents[sdk=iphonesimulator*]" = YES;
				"INFOPLIST_KEY_UILaunchScreen_Generation[sdk=iphoneos*]" = YES;
				"INFOPLIST_KEY_UILaunchScreen_Generation[sdk=iphonesimulator*]" = YES;
				"INFOPLIST_KEY_UIStatusBarStyle[sdk=iphoneos*]" = UIStatusBarStyleDefault;
				"INFOPLIST_KEY_UIStatusBarStyle[sdk=iphonesimulator*]" = UIStatusBarStyleDefault;
				INFOPLIST_KEY_UISupportedInterfaceOrientations_iPad = "UIInterfaceOrientationPortrait UIInterfaceOrientationPortraitUpsideDown UIInterfaceOrientationLandscapeLeft UIInterfaceOrientationLandscapeRight";
				INFOPLIST_KEY_UISupportedInterfaceOrientations_iPhone = "UIInterfaceOrientationPortrait UIInterfaceOrientationLandscapeLeft UIInterfaceOrientationLandscapeRight";
				IPHONEOS_DEPLOYMENT_TARGET = 17.2;
				LD_RUNPATH_SEARCH_PATHS = "@executable_path/Frameworks";
				"LD_RUNPATH_SEARCH_PATHS[sdk=macosx*]" = "@executable_path/../Frameworks";
				MACOSX_DEPLOYMENT_TARGET = 14.2;
				MARKETING_VERSION = 1.1;
				PRODUCT_BUNDLE_IDENTIFIER = team.Challenge4;
				"PRODUCT_BUNDLE_IDENTIFIER[sdk=iphoneos*]" = com.booki.academy;
				PRODUCT_NAME = "$(TARGET_NAME)";
				SDKROOT = auto;
				SUPPORTED_PLATFORMS = "iphoneos iphonesimulator";
				SUPPORTS_MACCATALYST = NO;
				SWIFT_EMIT_LOC_STRINGS = YES;
				SWIFT_VERSION = 5.0;
				TARGETED_DEVICE_FAMILY = 1;
			};
			name = Release;
		};
		3B1BDA762D4AA39C002BE019 /* Debug */ = {
			isa = XCBuildConfiguration;
			buildSettings = {
				ALWAYS_EMBED_SWIFT_STANDARD_LIBRARIES = YES;
				BUNDLE_LOADER = "$(TEST_HOST)";
				CODE_SIGN_STYLE = Automatic;
				CURRENT_PROJECT_VERSION = 1;
				DEVELOPMENT_TEAM = 2VXAKYBKFW;
				GENERATE_INFOPLIST_FILE = YES;
				IPHONEOS_DEPLOYMENT_TARGET = 17.2;
				MACOSX_DEPLOYMENT_TARGET = 14.2;
				MARKETING_VERSION = 1.0;
				PRODUCT_BUNDLE_IDENTIFIER = team.Challenge4Tests;
				PRODUCT_NAME = "$(TARGET_NAME)";
				SDKROOT = auto;
				SUPPORTED_PLATFORMS = "iphoneos iphonesimulator macosx";
				SWIFT_EMIT_LOC_STRINGS = NO;
				SWIFT_VERSION = 5.0;
				TARGETED_DEVICE_FAMILY = "1,2";
				TEST_HOST = "$(BUILT_PRODUCTS_DIR)/Challenge4.app/$(BUNDLE_EXECUTABLE_FOLDER_PATH)/Challenge4";
			};
			name = Debug;
		};
		3B1BDA772D4AA39C002BE019 /* Release */ = {
			isa = XCBuildConfiguration;
			buildSettings = {
				ALWAYS_EMBED_SWIFT_STANDARD_LIBRARIES = YES;
				BUNDLE_LOADER = "$(TEST_HOST)";
				CODE_SIGN_STYLE = Automatic;
				CURRENT_PROJECT_VERSION = 1;
				DEVELOPMENT_TEAM = 2VXAKYBKFW;
				GENERATE_INFOPLIST_FILE = YES;
				IPHONEOS_DEPLOYMENT_TARGET = 17.2;
				MACOSX_DEPLOYMENT_TARGET = 14.2;
				MARKETING_VERSION = 1.0;
				PRODUCT_BUNDLE_IDENTIFIER = team.Challenge4Tests;
				PRODUCT_NAME = "$(TARGET_NAME)";
				SDKROOT = auto;
				SUPPORTED_PLATFORMS = "iphoneos iphonesimulator macosx";
				SWIFT_EMIT_LOC_STRINGS = NO;
				SWIFT_VERSION = 5.0;
				TARGETED_DEVICE_FAMILY = "1,2";
				TEST_HOST = "$(BUILT_PRODUCTS_DIR)/Challenge4.app/$(BUNDLE_EXECUTABLE_FOLDER_PATH)/Challenge4";
			};
			name = Release;
		};
		3B1BDA792D4AA39C002BE019 /* Debug */ = {
			isa = XCBuildConfiguration;
			buildSettings = {
				ALWAYS_EMBED_SWIFT_STANDARD_LIBRARIES = YES;
				CODE_SIGN_STYLE = Automatic;
				CURRENT_PROJECT_VERSION = 1;
				DEVELOPMENT_TEAM = 2VXAKYBKFW;
				GENERATE_INFOPLIST_FILE = YES;
				IPHONEOS_DEPLOYMENT_TARGET = 17.2;
				MACOSX_DEPLOYMENT_TARGET = 14.2;
				MARKETING_VERSION = 1.0;
				PRODUCT_BUNDLE_IDENTIFIER = team.Challenge4UITests;
				PRODUCT_NAME = "$(TARGET_NAME)";
				SDKROOT = auto;
				SUPPORTED_PLATFORMS = "iphoneos iphonesimulator macosx";
				SWIFT_EMIT_LOC_STRINGS = NO;
				SWIFT_VERSION = 5.0;
				TARGETED_DEVICE_FAMILY = "1,2";
				TEST_TARGET_NAME = Challenge4;
			};
			name = Debug;
		};
		3B1BDA7A2D4AA39C002BE019 /* Release */ = {
			isa = XCBuildConfiguration;
			buildSettings = {
				ALWAYS_EMBED_SWIFT_STANDARD_LIBRARIES = YES;
				CODE_SIGN_STYLE = Automatic;
				CURRENT_PROJECT_VERSION = 1;
				DEVELOPMENT_TEAM = 2VXAKYBKFW;
				GENERATE_INFOPLIST_FILE = YES;
				IPHONEOS_DEPLOYMENT_TARGET = 17.2;
				MACOSX_DEPLOYMENT_TARGET = 14.2;
				MARKETING_VERSION = 1.0;
				PRODUCT_BUNDLE_IDENTIFIER = team.Challenge4UITests;
				PRODUCT_NAME = "$(TARGET_NAME)";
				SDKROOT = auto;
				SUPPORTED_PLATFORMS = "iphoneos iphonesimulator macosx";
				SWIFT_EMIT_LOC_STRINGS = NO;
				SWIFT_VERSION = 5.0;
				TARGETED_DEVICE_FAMILY = "1,2";
				TEST_TARGET_NAME = Challenge4;
			};
			name = Release;
		};
/* End XCBuildConfiguration section */

/* Begin XCConfigurationList section */
		3B1BDA432D4AA39B002BE019 /* Build configuration list for PBXProject "Challenge4" */ = {
			isa = XCConfigurationList;
			buildConfigurations = (
				3B1BDA702D4AA39C002BE019 /* Debug */,
				3B1BDA712D4AA39C002BE019 /* Release */,
			);
			defaultConfigurationIsVisible = 0;
			defaultConfigurationName = Release;
		};
		3B1BDA722D4AA39C002BE019 /* Build configuration list for PBXNativeTarget "Challenge4" */ = {
			isa = XCConfigurationList;
			buildConfigurations = (
				3B1BDA732D4AA39C002BE019 /* Debug */,
				3B1BDA742D4AA39C002BE019 /* Release */,
			);
			defaultConfigurationIsVisible = 0;
			defaultConfigurationName = Release;
		};
		3B1BDA752D4AA39C002BE019 /* Build configuration list for PBXNativeTarget "Challenge4Tests" */ = {
			isa = XCConfigurationList;
			buildConfigurations = (
				3B1BDA762D4AA39C002BE019 /* Debug */,
				3B1BDA772D4AA39C002BE019 /* Release */,
			);
			defaultConfigurationIsVisible = 0;
			defaultConfigurationName = Release;
		};
		3B1BDA782D4AA39C002BE019 /* Build configuration list for PBXNativeTarget "Challenge4UITests" */ = {
			isa = XCConfigurationList;
			buildConfigurations = (
				3B1BDA792D4AA39C002BE019 /* Debug */,
				3B1BDA7A2D4AA39C002BE019 /* Release */,
			);
			defaultConfigurationIsVisible = 0;
			defaultConfigurationName = Release;
		};
/* End XCConfigurationList section */
	};
	rootObject = 3B1BDA402D4AA39B002BE019 /* Project object */;
}
